
Microsoft Visual Studio Solution File, Format Version 12.00
# Visual Studio Version 17
VisualStudioVersion = 17.2.32616.157
MinimumVisualStudioVersion = 10.0.40219.1
Project("{FAE04EC0-301F-11D3-BF4B-00C04F79EFBC}") = "egycashier", "egycashier\egycashier.csproj", "{7EDABE28-535B-4FF0-83C9-B2BE5A9178DF}"
EndProject
Global
	GlobalSection(SolutionConfigurationPlatforms) = preSolution
		Debug|Any CPU = Debug|Any CPU
		Release|Any CPU = Release|Any CPU
	EndGlobalSection
	GlobalSection(ProjectConfigurationPlatforms) = postSolution
		{7EDABE28-535B-4FF0-83C9-B2BE5A9178DF}.Debug|Any CPU.ActiveCfg = Debug|Any CPU
		{7EDABE28-535B-4FF0-83C9-B2BE5A9178DF}.Debug|Any CPU.Build.0 = Debug|Any CPU
		{7EDABE28-535B-4FF0-83C9-B2BE5A9178DF}.Release|Any CPU.ActiveCfg = Release|Any CPU
		{7EDABE28-535B-4FF0-83C9-B2BE5A9178DF}.Release|Any CPU.Build.0 = Release|Any CPU
	EndGlobalSection
	GlobalSection(SolutionProperties) = preSolution
		HideSolutionNode = FALSE
	EndGlobalSection
	GlobalSection(ExtensibilityGlobals) = postSolution
		SolutionGuid = {4D67861E-26E4-46B7-AE54-0E0CE0DBB154}
	EndGlobalSection
EndGlobal
